
Microsoft Visual Studio Solution File, Format Version 12.00
# Visual Studio 2013
VisualStudioVersion = 12.0.21005.1
MinimumVisualStudioVersion = 10.0.40219.1
Project("{FAE04EC0-301F-11D3-BF4B-00C04F79EFBC}") = "TestApplication", "TestApplicarion\TestApplication.csproj", "{BEFFD322-20E9-4C2E-B7F1-D57E0AC3E24A}"
EndProject
Project("{FAE04EC0-301F-11D3-BF4B-00C04F79EFBC}") = "TestApplication.Tests", "TestApplicarion.Tests\TestApplication.Tests.csproj", "{DD4A22BF-C23D-4B81-92DE-10A017D45348}"
EndProject
Project("{FAE04EC0-301F-11D3-BF4B-00C04F79EFBC}") = "TestApplication.Domain", "TestApplication.Domain\TestApplication.Domain.csproj", "{6EC2707D-5FB9-4AF2-99A0-C0683DE07830}"
EndProject
Global
	GlobalSection(SolutionConfigurationPlatforms) = preSolution
		Debug|Any CPU = Debug|Any CPU
		Release|Any CPU = Release|Any CPU
	EndGlobalSection
	GlobalSection(ProjectConfigurationPlatforms) = postSolution
		{BEFFD322-20E9-4C2E-B7F1-D57E0AC3E24A}.Debug|Any CPU.ActiveCfg = Debug|Any CPU
		{BEFFD322-20E9-4C2E-B7F1-D57E0AC3E24A}.Debug|Any CPU.Build.0 = Debug|Any CPU
		{BEFFD322-20E9-4C2E-B7F1-D57E0AC3E24A}.Release|Any CPU.ActiveCfg = Release|Any CPU
		{BEFFD322-20E9-4C2E-B7F1-D57E0AC3E24A}.Release|Any CPU.Build.0 = Release|Any CPU
		{DD4A22BF-C23D-4B81-92DE-10A017D45348}.Debug|Any CPU.ActiveCfg = Debug|Any CPU
		{DD4A22BF-C23D-4B81-92DE-10A017D45348}.Debug|Any CPU.Build.0 = Debug|Any CPU
		{DD4A22BF-C23D-4B81-92DE-10A017D45348}.Release|Any CPU.ActiveCfg = Release|Any CPU
		{DD4A22BF-C23D-4B81-92DE-10A017D45348}.Release|Any CPU.Build.0 = Release|Any CPU
		{6EC2707D-5FB9-4AF2-99A0-C0683DE07830}.Debug|Any CPU.ActiveCfg = Debug|Any CPU
		{6EC2707D-5FB9-4AF2-99A0-C0683DE07830}.Debug|Any CPU.Build.0 = Debug|Any CPU
		{6EC2707D-5FB9-4AF2-99A0-C0683DE07830}.Release|Any CPU.ActiveCfg = Release|Any CPU
		{6EC2707D-5FB9-4AF2-99A0-C0683DE07830}.Release|Any CPU.Build.0 = Release|Any CPU
	EndGlobalSection
	GlobalSection(SolutionProperties) = preSolution
		HideSolutionNode = FALSE
	EndGlobalSection
EndGlobal
